{
  "name": "devjokes",
  "version": "1.0.0",
  "lockfileVersion": 1,
  "requires": true,
  "dependencies": {
    "awesome-dev-jokes": {
      "version": "1.0.3",
      "resolved": "https://registry.npmjs.org/awesome-dev-jokes/-/awesome-dev-jokes-1.0.3.tgz",
      "integrity": "sha512-NR05SiOoLggOEaRrzQB3q27wId0nc2Z+EI8BfwnggTwKqjvX3Ww6NGhWAt2hr+rRg4xBCSzSSBYVKz5+4TO84w=="
    },
    "lodash": {
      "version": "2.4.2",
      "resolved": "https://registry.npmjs.org/lodash/-/lodash-2.4.2.tgz",
      "integrity": "sha1-+t2DS5aDBz2hebPq5tnA0VBT9z4="
    },
    "pig-latin": {
      "version": "2.0.2",
      "resolved": "https://registry.npmjs.org/pig-latin/-/pig-latin-2.0.2.tgz",
      "integrity": "sha1-86EYnPMMnvcN77qMG82VqWYxg3k=",
      "requires": {
        "lodash": "^2.4.1"
      }
    }
  }
}
